# Generated from the verified Day 1 Python environment. Update intentionally with pip freeze.
aioboto3==13.4.0
aiobotocore==2.18.0
aiofiles==23.2.1
aiohappyeyeballs==2.7.1
aiohttp==3.14.3
aioitertools==0.13.0
aiosignal==1.4.0
alembic==1.18.5
annotated-doc==0.0.4
annotated-types==0.8.0
anthropic==0.50.0
anyio==4.14.2
argon2-cffi==25.1.0
argon2-cffi-bindings==25.1.0
asttokens==3.0.2
asyncache==0.3.1
asyncpg==0.31.0
attrs==26.1.0
azure-core==1.41.0
azure-identity==1.25.3
azure-keyvault-secrets==4.11.0
azure-storage-blob==12.30.0
backoff==2.2.1
bcrypt==5.0.0
boto3==1.36.1
botocore==1.36.1
botocore-stubs==1.43.14
cachetools==5.5.2
certifi==2026.7.22
cffi==2.1.0
charset-normalizer==3.4.9
click==8.4.2
colorama==0.4.6
coverage==7.15.2
cryptography==49.0.0
curlparser==0.1.0
decorator==5.3.1
distro==1.9.0
dnspython==2.8.0
ecdsa==0.19.2
email-validator==2.3.0
executing==2.2.1
fakeredis==2.37.0
fastapi==0.128.8
filelock==3.32.0
filetype==1.2.0
frozenlist==1.8.0
fsspec==2026.6.0
google-auth==2.56.2
greenlet==3.5.4
h11==0.16.0
hatchling==1.27.0
hf-xet==1.5.2
httpcore==1.0.9
httpx==0.28.1
huggingface_hub==1.25.1
idna==3.18
importlib_metadata==9.0.0
iniconfig==2.3.0
ipython==8.39.0
isodate==0.7.2
isort==5.13.2
jedi==0.20.0
Jinja2==3.1.6
jiter==0.16.0
jmespath==1.1.0
json_repair==0.61.7
jsonschema==4.26.0
jsonschema-specifications==2025.9.1
lark==1.3.1
libcst==1.8.6
librt==0.13.0
litellm==1.63.14
lxml==6.1.1
Mako==1.3.12
markdown-it-py==4.2.0
MarkupSafe==3.0.3
matplotlib-inline==0.2.2
mdurl==0.1.2
minio==7.2.20
msal==1.37.0
msal-extensions==1.3.1
multidict==6.7.1
mypy==1.20.2
mypy_extensions==1.1.0
numpy==2.5.1
onepassword-sdk==0.4.0
openai==1.109.1
opentelemetry-api==1.44.0
orjson==3.11.9
packaging==26.2
pandas==2.3.3
parso==0.8.7
passlib==1.7.4
pathspec==1.1.1
pdfminer.six==20260107
pdfplumber==0.11.10
pillow==12.3.0
playwright==1.61.0
pluggy==1.6.0
posthog==6.9.3
prompt_toolkit==3.0.53
propcache==0.5.2
psutil==7.2.2
psycopg==3.3.4
psycopg-binary==3.3.4
pure_eval==0.2.3
pyasn1==0.6.4
pyasn1_modules==0.4.2
pycparser==3.0
pycryptodome==3.23.0
pydantic==2.13.4
pydantic-settings==2.14.2
pydantic_core==2.46.4
pyee==13.0.1
Pygments==2.20.0
PyJWT==2.13.0
PyOTP==2.10.0
pypdf==6.14.2
pypdfium2==5.12.1
pytest==8.4.2
pytest-asyncio==0.26.0
pytest-cov==5.0.0
python-dateutil==2.9.0.post0
python-docx==1.2.0
python-dotenv==1.2.2
python-jose==3.5.0
python-multipart==0.0.32
pytz==2026.3.post1
PyYAML==6.0.3
redis==5.3.1
referencing==0.37.0
regex==2026.7.19
requests==2.34.2
requests-file==3.0.1
rich==15.0.0
rpds-py==2026.6.3
rsa==4.9.1
ruff==0.16.0
s3transfer==0.11.3
shellingham==1.5.4
six==1.17.0
sniffio==1.3.1
sortedcontainers==2.4.0
SQLAlchemy==2.0.51
sse-starlette==3.4.6
stack-data==0.6.3
starlette==0.52.1
starlette-context==0.5.1
structlog==24.4.0
tiktoken==0.13.0
tldextract==5.3.1
tokenizers==0.23.1
tqdm==4.70.0
traitlets==5.15.1
trove-classifiers==2026.6.1.19
typer==0.27.0
types-awscrt==0.34.1
types-boto3==1.43.57
types-boto3-batch==1.43.33
types-boto3-ec2==1.43.46
types-boto3-ecs==1.43.43
types-boto3-s3==1.43.50
types-boto3-secretsmanager==1.43.0
types-s3transfer==0.16.0
typing-inspection==0.4.2
typing_extensions==4.16.0
tzdata==2026.3
urllib3==2.7.0
uvicorn==0.51.0
wcwidth==0.8.2
websockets==13.1
wrapt==1.17.3
yarl==1.24.5
zipp==4.1.0
zstandard==0.25.0
